<?xml version="1.0" encoding="utf-8"?>
<Project ToolsVersion="4.0" xmlns="http://schemas.microsoft.com/developer/msbuild/2003">
  <ItemGroup>
    <Filter Include="头文件">
      <UniqueIdentifier>{54cd89dc-9c62-42c9-a175-8825cff05c92}</UniqueIdentifier>
    </Filter>
  </ItemGroup>
  <ItemGroup>
    <ClInclude Include="..\..\include\globalDefine.h">
      <Filter>头文件</Filter>
    </ClInclude>
    <ClInclude Include="..\..\include\intermediatorStruct.h">
      <Filter>头文件</Filter>
    </ClInclude>
    <ClInclude Include="..\..\include\log.h">
      <Filter>头文件</Filter>
    </ClInclude>
    <ClInclude Include="..\..\include\MD5.h">
      <Filter>头文件</Filter>
    </ClInclude>
    <ClInclude Include="..\..\include\Plugin.h">
      <Filter>头文件</Filter>
    </ClInclude>
    <ClInclude Include="..\..\include\programPluginInfo.h">
      <Filter>头文件</Filter>
    </ClInclude>
    <ClInclude Include="..\..\include\sign.h">
      <Filter>头文件</Filter>
    </ClInclude>
    <ClInclude Include="..\..\include\Ubuntu.h">
      <Filter>头文件</Filter>
    </ClInclude>
  </ItemGroup>
  <ItemGroup>
    <ClCompile Include="..\..\intermediatorEXE\intermediator.cpp" />
  </ItemGroup>
</Project>